# This file is automatically @generated by Poetry and should not be changed by hand.

[[package]]
name = "asgiref"
version = "3.6.0"
description = "ASGI specs, helper code, and adapters"
category = "main"
optional = false
python-versions = ">=3.7"
files = [
    {file = "asgiref-3.6.0-py3-none-any.whl", hash = "sha256:71e68008da809b957b7ee4b43dbccff33d1b23519fb8344e33f049897077afac"},
    {file = "asgiref-3.6.0.tar.gz", hash = "sha256:9567dfe7bd8d3c8c892227827c41cce860b368104c3431da67a0c5a65a949506"},
]

[package.extras]
tests = ["mypy (>=0.800)", "pytest", "pytest-asyncio"]

[[package]]
name = "django"
version = "3.2.18"
description = "A high-level Python Web framework that encourages rapid development and clean, pragmatic design."
category = "main"
optional = false
python-versions = ">=3.6"
files = [
    {file = "Django-3.2.18-py3-none-any.whl", hash = "sha256:4d492d9024c7b3dfababf49f94511ab6a58e2c9c3c7207786f1ba4eb77750706"},
    {file = "Django-3.2.18.tar.gz", hash = "sha256:08208dfe892eb64fff073ca743b3b952311104f939e7f6dae954fe72dcc533ba"},
]

[package.dependencies]
asgiref = ">=3.3.2,<4"
pytz = "*"
sqlparse = ">=0.2.2"

[package.extras]
argon2 = ["argon2-cffi (>=19.1.0)"]
bcrypt = ["bcrypt"]

[[package]]
name = "pytz"
version = "2022.7.1"
description = "World timezone definitions, modern and historical"
category = "main"
optional = false
python-versions = "*"
files = [
    {file = "pytz-2022.7.1-py2.py3-none-any.whl", hash = "sha256:78f4f37d8198e0627c5f1143240bb0206b8691d8d7ac6d78fee88b78733f8c4a"},
    {file = "pytz-2022.7.1.tar.gz", hash = "sha256:01a0681c4b9684a28304615eba55d1ab31ae00bf68ec157ec3708a8182dbbcd0"},
]

[[package]]
name = "ruff"
version = "0.0.247"
description = "An extremely fast Python linter, written in Rust."
category = "dev"
optional = false
python-versions = ">=3.7"
files = [
    {file = "ruff-0.0.247-py3-none-macosx_10_7_x86_64.whl", hash = "sha256:0151face9ef0e09c0d09166eae5f6df9d61ed7b1686086092d56164b790d1adf"},
    {file = "ruff-0.0.247-py3-none-macosx_10_9_x86_64.macosx_11_0_arm64.macosx_10_9_universal2.whl", hash = "sha256:0abffda0039dc0eec18d624a48a725c414587c816194d1c9889eceba82e87ad0"},
    {file = "ruff-0.0.247-py3-none-manylinux_2_17_aarch64.manylinux2014_aarch64.whl", hash = "sha256:1e34ce0a12a9c7ac25fcfd8a9a25ade778f4e54df37f7ce58c406c36f9d5a1e3"},
    {file = "ruff-0.0.247-py3-none-manylinux_2_17_armv7l.manylinux2014_armv7l.whl", hash = "sha256:c31adc9f08e1652acb6c1b6d494a3e52895e341398b5dcaffe3325688f70de87"},
    {file = "ruff-0.0.247-py3-none-manylinux_2_17_i686.manylinux2014_i686.whl", hash = "sha256:ebc3b3077a880ea8af9f17c5614f606d6c1a15db6823501f4b8d3daf51f78782"},
    {file = "ruff-0.0.247-py3-none-manylinux_2_17_ppc64.manylinux2014_ppc64.whl", hash = "sha256:403f67452655923d0775c6c3854750e77c9c97eb875ea979ad515d3c75a45cff"},
    {file = "ruff-0.0.247-py3-none-manylinux_2_17_ppc64le.manylinux2014_ppc64le.whl", hash = "sha256:53dd6124c6b822c27ee23965ce9d8c5fbc76a97ecc209daef0bbfbe8f905cb18"},
    {file = "ruff-0.0.247-py3-none-manylinux_2_17_s390x.manylinux2014_s390x.whl", hash = "sha256:f1483c7435db4926da3793a89f6bbb68dedf2990aeddef01407d8c47953403e0"},
    {file = "ruff-0.0.247-py3-none-manylinux_2_17_x86_64.manylinux2014_x86_64.whl", hash = "sha256:2ce619be01206ab71054c9f492a803cc81be678222379c69a0d60aa66c30e4a2"},
    {file = "ruff-0.0.247-py3-none-musllinux_1_2_aarch64.whl", hash = "sha256:172c0a8fb295259d9e12e43c39cf3bd006ae85eae89b8e9ca6ece7252241b603"},
    {file = "ruff-0.0.247-py3-none-musllinux_1_2_armv7l.whl", hash = "sha256:0cda3a13e67adaf5198c69847a2f04011434bdfbfdca05ac32c101991dd56162"},
    {file = "ruff-0.0.247-py3-none-musllinux_1_2_i686.whl", hash = "sha256:4481b5b6103dffc09156f2fea79a9a9282a72c0109ca4ab74828ae1089ec8c7e"},
    {file = "ruff-0.0.247-py3-none-musllinux_1_2_x86_64.whl", hash = "sha256:8c835b703cebb0f23d59ec3d83ff498c5290fae51f98df548aacbb9ff85cc93c"},
    {file = "ruff-0.0.247-py3-none-win32.whl", hash = "sha256:3695f5fd2f4ad44030799a6021b2626442e8d92e432d646aadeefd4a1fceab12"},
    {file = "ruff-0.0.247-py3-none-win_amd64.whl", hash = "sha256:3e22f08bc403d3b4f32488ea52cd69fc3cb343b2c99431fd969cda1c83f4bc2f"},
    {file = "ruff-0.0.247-py3-none-win_arm64.whl", hash = "sha256:737b7fd25d2523b7c526830a3670364a953cb6c6bbf9912c78cba06bbf0ca125"},
    {file = "ruff-0.0.247.tar.gz", hash = "sha256:cce9566cea1cb348bb2dec99f810d846d112627fa52bf3a554773ce4737a061b"},
]

[[package]]
name = "sqlparse"
version = "0.4.3"
description = "A non-validating SQL parser."
category = "main"
optional = false
python-versions = ">=3.5"
files = [
    {file = "sqlparse-0.4.3-py3-none-any.whl", hash = "sha256:0323c0ec29cd52bceabc1b4d9d579e311f3e4961b98d174201d5622a23b85e34"},
    {file = "sqlparse-0.4.3.tar.gz", hash = "sha256:69ca804846bb114d2ec380e4360a8a340db83f0ccf3afceeb1404df028f57268"},
]

[metadata]
lock-version = "2.0"
python-versions = "^3.9"
content-hash = "5044b7452d144f5d0642b785238b18f4fc2147270e779abf25c64150e008c824"
